
Microsoft Visual Studio Solution File, Format Version 12.00
# Visual Studio 15
VisualStudioVersion = 15.0.28307.572
MinimumVisualStudioVersion = 10.0.40219.1
Project("{FAE04EC0-301F-11D3-BF4B-00C04F79EFBC}") = "GenerationAlgorithm.GITC", "GenerationAlgorithm.GITC\GenerationAlgorithm.GITC.csproj", "{A4D70860-34CD-4885-9930-929F3933A0FC}"
EndProject
Project("{FAE04EC0-301F-11D3-BF4B-00C04F79EFBC}") = "AlgorithmPowerChecker", "AlgorithmPowerChecker\AlgorithmPowerChecker.csproj", "{49B96EE1-2D33-471F-AEBF-F79F197FBEBF}"
EndProject
Project("{9A19103F-16F7-4668-BE54-9A1E7A4F7556}") = "GeneticSharp.Domain", "..\dependencies\GeneticSharp\src\GeneticSharp.Domain\GeneticSharp.Domain.csproj", "{A7C3E227-7E24-45F8-9A00-6D60A3592966}"
EndProject
Project("{9A19103F-16F7-4668-BE54-9A1E7A4F7556}") = "GeneticSharp.Extensions", "..\dependencies\GeneticSharp\src\GeneticSharp.Extensions\GeneticSharp.Extensions.csproj", "{B2CE82F6-20F0-4233-A819-464498497E05}"
EndProject
Project("{9A19103F-16F7-4668-BE54-9A1E7A4F7556}") = "GeneticSharp.Infrastructure.Framework", "..\dependencies\GeneticSharp\src\GeneticSharp.Infrastructure.Framework\GeneticSharp.Infrastructure.Framework.csproj", "{EB97A3C9-1282-4A27-801F-E75645E1E22A}"
EndProject
Global
	GlobalSection(SolutionConfigurationPlatforms) = preSolution
		Debug|Any CPU = Debug|Any CPU
		Release|Any CPU = Release|Any CPU
	EndGlobalSection
	GlobalSection(ProjectConfigurationPlatforms) = postSolution
		{A4D70860-34CD-4885-9930-929F3933A0FC}.Debug|Any CPU.ActiveCfg = Debug|Any CPU
		{A4D70860-34CD-4885-9930-929F3933A0FC}.Debug|Any CPU.Build.0 = Debug|Any CPU
		{A4D70860-34CD-4885-9930-929F3933A0FC}.Release|Any CPU.ActiveCfg = Release|Any CPU
		{A4D70860-34CD-4885-9930-929F3933A0FC}.Release|Any CPU.Build.0 = Release|Any CPU
		{49B96EE1-2D33-471F-AEBF-F79F197FBEBF}.Debug|Any CPU.ActiveCfg = Debug|Any CPU
		{49B96EE1-2D33-471F-AEBF-F79F197FBEBF}.Debug|Any CPU.Build.0 = Debug|Any CPU
		{49B96EE1-2D33-471F-AEBF-F79F197FBEBF}.Release|Any CPU.ActiveCfg = Release|Any CPU
		{49B96EE1-2D33-471F-AEBF-F79F197FBEBF}.Release|Any CPU.Build.0 = Release|Any CPU
		{A7C3E227-7E24-45F8-9A00-6D60A3592966}.Debug|Any CPU.ActiveCfg = Debug|Any CPU
		{A7C3E227-7E24-45F8-9A00-6D60A3592966}.Debug|Any CPU.Build.0 = Debug|Any CPU
		{A7C3E227-7E24-45F8-9A00-6D60A3592966}.Release|Any CPU.ActiveCfg = Release|Any CPU
		{A7C3E227-7E24-45F8-9A00-6D60A3592966}.Release|Any CPU.Build.0 = Release|Any CPU
		{B2CE82F6-20F0-4233-A819-464498497E05}.Debug|Any CPU.ActiveCfg = Debug|Any CPU
		{B2CE82F6-20F0-4233-A819-464498497E05}.Debug|Any CPU.Build.0 = Debug|Any CPU
		{B2CE82F6-20F0-4233-A819-464498497E05}.Release|Any CPU.ActiveCfg = Release|Any CPU
		{B2CE82F6-20F0-4233-A819-464498497E05}.Release|Any CPU.Build.0 = Release|Any CPU
		{EB97A3C9-1282-4A27-801F-E75645E1E22A}.Debug|Any CPU.ActiveCfg = Debug|Any CPU
		{EB97A3C9-1282-4A27-801F-E75645E1E22A}.Debug|Any CPU.Build.0 = Debug|Any CPU
		{EB97A3C9-1282-4A27-801F-E75645E1E22A}.Release|Any CPU.ActiveCfg = Release|Any CPU
		{EB97A3C9-1282-4A27-801F-E75645E1E22A}.Release|Any CPU.Build.0 = Release|Any CPU
	EndGlobalSection
	GlobalSection(SolutionProperties) = preSolution
		HideSolutionNode = FALSE
	EndGlobalSection
	GlobalSection(ExtensibilityGlobals) = postSolution
		SolutionGuid = {08291C37-455A-43F9-ABC8-3929D24BCC8B}
	EndGlobalSection
EndGlobal
